// !$*UTF8*$!
{
	archiveVersion = 1;
	classes = {
	};
	objectVersion = 46;
	objects = {

/* Begin PBXBuildFile section */
		2563E6CB1D2EB2620022C4EB /* Jennifer.mp3 in Resources */ = {isa = PBXBuildFile; fileRef = 2563E6CA1D2EB2620022C4EB /* Jennifer.mp3 */; };
		25B60C9A1D2EBF2B00769CBD /* No_One_Is_Perfect_Theme-VmusiQ.mp3 in Resources */ = {isa = PBXBuildFile; fileRef = 25B60C991D2EBF2B00769CBD /* No_One_Is_Perfect_Theme-VmusiQ.mp3 */; };
		25B60C9C1D2ECB4400769CBD /* cairnomount_lo.mp3 in Resources */ = {isa = PBXBuildFile; fileRef = 25B60C9B1D2ECB4400769CBD /* cairnomount_lo.mp3 */; };
		25D0D4551D26F9700060845A /* AppDelegate.swift in Sources */ = {isa = PBXBuildFile; fileRef = 25D0D4541D26F9700060845A /* AppDelegate.swift */; };
		25D0D4571D26F9700060845A /* ViewController.swift in Sources */ = {isa = PBXBuildFile; fileRef = 25D0D4561D26F9700060845A /* ViewController.swift */; };
		25D0D45A1D26F9700060845A /* Main.storyboard in Resources */ = {isa = PBXBuildFile; fileRef = 25D0D4581D26F9700060845A /* Main.storyboard */; };
		25D0D45C1D26F9700060845A /* Assets.xcassets in Resources */ = {isa = PBXBuildFile; fileRef = 25D0D45B1D26F9700060845A /* Assets.xcassets */; };
		25D0D45F1D26F9700060845A /* LaunchScreen.storyboard in Resources */ = {isa = PBXBuildFile; fileRef = 25D0D45D1D26F9700060845A /* LaunchScreen.storyboard */; };
		25D0D46A1D26F9700060845A /* iOS10ExploreTests.swift in Sources */ = {isa = PBXBuildFile; fileRef = 25D0D4691D26F9700060845A /* iOS10ExploreTests.swift */; };
		25D0D4751D26F9700060845A /* iOS10ExploreUITests.swift in Sources */ = {isa = PBXBuildFile; fileRef = 25D0D4741D26F9700060845A /* iOS10ExploreUITests.swift */; };
		25D0D4881D26FEA00060845A /* SpeechRecognitionVC.swift in Sources */ = {isa = PBXBuildFile; fileRef = 25D0D4871D26FEA00060845A /* SpeechRecognitionVC.swift */; };
/* End PBXBuildFile section */

/* Begin PBXContainerItemProxy section */
		25D0D4661D26F9700060845A /* PBXContainerItemProxy */ = {
			isa = PBXContainerItemProxy;
			containerPortal = 25D0D4491D26F9700060845A /* Project object */;
			proxyType = 1;
			remoteGlobalIDString = 25D0D4501D26F9700060845A;
			remoteInfo = iOS10Explore;
		};
		25D0D4711D26F9700060845A /* PBXContainerItemProxy */ = {
			isa = PBXContainerItemProxy;
			containerPortal = 25D0D4491D26F9700060845A /* Project object */;
			proxyType = 1;
			remoteGlobalIDString = 25D0D4501D26F9700060845A;
			remoteInfo = iOS10Explore;
		};
/* End PBXContainerItemProxy section */

/* Begin PBXFileReference section */
		2563E6CA1D2EB2620022C4EB /* Jennifer.mp3 */ = {isa = PBXFileReference; lastKnownFileType = audio.mp3; path = Jennifer.mp3; sourceTree = "<group>"; };
		25B60C991D2EBF2B00769CBD /* No_One_Is_Perfect_Theme-VmusiQ.mp3 */ = {isa = PBXFileReference; lastKnownFileType = audio.mp3; path = "No_One_Is_Perfect_Theme-VmusiQ.mp3"; sourceTree = "<group>"; };
		25B60C9B1D2ECB4400769CBD /* cairnomount_lo.mp3 */ = {isa = PBXFileReference; lastKnownFileType = audio.mp3; path = cairnomount_lo.mp3; sourceTree = "<group>"; };
		25D0D4511D26F9700060845A /* iOS10Explore.app */ = {isa = PBXFileReference; explicitFileType = wrapper.application; includeInIndex = 0; path = iOS10Explore.app; sourceTree = BUILT_PRODUCTS_DIR; };
		25D0D4541D26F9700060845A /* AppDelegate.swift */ = {isa = PBXFileReference; lastKnownFileType = sourcecode.swift; path = AppDelegate.swift; sourceTree = "<group>"; };
		25D0D4561D26F9700060845A /* ViewController.swift */ = {isa = PBXFileReference; lastKnownFileType = sourcecode.swift; path = ViewController.swift; sourceTree = "<group>"; };
		25D0D4591D26F9700060845A /* Base */ = {isa = PBXFileReference; lastKnownFileType = file.storyboard; name = Base; path = Base.lproj/Main.storyboard; sourceTree = "<group>"; };
		25D0D45B1D26F9700060845A /* Assets.xcassets */ = {isa = PBXFileReference; lastKnownFileType = folder.assetcatalog; path = Assets.xcassets; sourceTree = "<group>"; };
		25D0D45E1D26F9700060845A /* Base */ = {isa = PBXFileReference; lastKnownFileType = file.storyboard; name = Base; path = Base.lproj/LaunchScreen.storyboard; sourceTree = "<group>"; };
		25D0D4601D26F9700060845A /* Info.plist */ = {isa = PBXFileReference; lastKnownFileType = text.plist.xml; path = Info.plist; sourceTree = "<group>"; };
		25D0D4651D26F9700060845A /* iOS10ExploreTests.xctest */ = {isa = PBXFileReference; explicitFileType = wrapper.cfbundle; includeInIndex = 0; path = iOS10ExploreTests.xctest; sourceTree = BUILT_PRODUCTS_DIR; };
		25D0D4691D26F9700060845A /* iOS10ExploreTests.swift */ = {isa = PBXFileReference; lastKnownFileType = sourcecode.swift; path = iOS10ExploreTests.swift; sourceTree = "<group>"; };
		25D0D46B1D26F9700060845A /* Info.plist */ = {isa = PBXFileReference; lastKnownFileType = text.plist.xml; path = Info.plist; sourceTree = "<group>"; };
		25D0D4701D26F9700060845A /* iOS10ExploreUITests.xctest */ = {isa = PBXFileReference; explicitFileType = wrapper.cfbundle; includeInIndex = 0; path = iOS10ExploreUITests.xctest; sourceTree = BUILT_PRODUCTS_DIR; };
		25D0D4741D26F9700060845A /* iOS10ExploreUITests.swift */ = {isa = PBXFileReference; lastKnownFileType = sourcecode.swift; path = iOS10ExploreUITests.swift; sourceTree = "<group>"; };
		25D0D4761D26F9700060845A /* Info.plist */ = {isa = PBXFileReference; lastKnownFileType = text.plist.xml; path = Info.plist; sourceTree = "<group>"; };
		25D0D4871D26FEA00060845A /* SpeechRecognitionVC.swift */ = {isa = PBXFileReference; fileEncoding = 4; lastKnownFileType = sourcecode.swift; name = SpeechRecognitionVC.swift; path = SpeechRecognition/SpeechRecognitionVC.swift; sourceTree = "<group>"; };
/* End PBXFileReference section */

/* Begin PBXFrameworksBuildPhase section */
		25D0D44E1D26F9700060845A /* Frameworks */ = {
			isa = PBXFrameworksBuildPhase;
			buildActionMask = 2147483647;
			files = (
			);
			runOnlyForDeploymentPostprocessing = 0;
		};
		25D0D4621D26F9700060845A /* Frameworks */ = {
			isa = PBXFrameworksBuildPhase;
			buildActionMask = 2147483647;
			files = (
			);
			runOnlyForDeploymentPostprocessing = 0;
		};
		25D0D46D1D26F9700060845A /* Frameworks */ = {
			isa = PBXFrameworksBuildPhase;
			buildActionMask = 2147483647;
			files = (
			);
			runOnlyForDeploymentPostprocessing = 0;
		};
/* End PBXFrameworksBuildPhase section */

/* Begin PBXGroup section */
		2563E6C91D2EB2620022C4EB /* resources */ = {
			isa = PBXGroup;
			children = (
				25B60C9B1D2ECB4400769CBD /* cairnomount_lo.mp3 */,
				25B60C991D2EBF2B00769CBD /* No_One_Is_Perfect_Theme-VmusiQ.mp3 */,
				2563E6CA1D2EB2620022C4EB /* Jennifer.mp3 */,
			);
			path = resources;
			sourceTree = SOURCE_ROOT;
		};
		25D0D4481D26F9700060845A = {
			isa = PBXGroup;
			children = (
				25D0D4531D26F9700060845A /* iOS10Explore */,
				25D0D4681D26F9700060845A /* iOS10ExploreTests */,
				25D0D4731D26F9700060845A /* iOS10ExploreUITests */,
				25D0D4521D26F9700060845A /* Products */,
			);
			sourceTree = "<group>";
		};
		25D0D4521D26F9700060845A /* Products */ = {
			isa = PBXGroup;
			children = (
				25D0D4511D26F9700060845A /* iOS10Explore.app */,
				25D0D4651D26F9700060845A /* iOS10ExploreTests.xctest */,
				25D0D4701D26F9700060845A /* iOS10ExploreUITests.xctest */,
			);
			name = Products;
			sourceTree = "<group>";
		};
		25D0D4531D26F9700060845A /* iOS10Explore */ = {
			isa = PBXGroup;
			children = (
				2563E6C91D2EB2620022C4EB /* resources */,
				25D0D4861D26FE8A0060845A /* Speech Recognition */,
				25D0D4541D26F9700060845A /* AppDelegate.swift */,
				25D0D4561D26F9700060845A /* ViewController.swift */,
				25D0D4581D26F9700060845A /* Main.storyboard */,
				25D0D45B1D26F9700060845A /* Assets.xcassets */,
				25D0D45D1D26F9700060845A /* LaunchScreen.storyboard */,
				25D0D4601D26F9700060845A /* Info.plist */,
			);
			path = iOS10Explore;
			sourceTree = "<group>";
		};
		25D0D4681D26F9700060845A /* iOS10ExploreTests */ = {
			isa = PBXGroup;
			children = (
				25D0D4691D26F9700060845A /* iOS10ExploreTests.swift */,
				25D0D46B1D26F9700060845A /* Info.plist */,
			);
			path = iOS10ExploreTests;
			sourceTree = "<group>";
		};
		25D0D4731D26F9700060845A /* iOS10ExploreUITests */ = {
			isa = PBXGroup;
			children = (
				25D0D4741D26F9700060845A /* iOS10ExploreUITests.swift */,
				25D0D4761D26F9700060845A /* Info.plist */,
			);
			path = iOS10ExploreUITests;
			sourceTree = "<group>";
		};
		25D0D4861D26FE8A0060845A /* Speech Recognition */ = {
			isa = PBXGroup;
			children = (
				25D0D4871D26FEA00060845A /* SpeechRecognitionVC.swift */,
			);
			name = "Speech Recognition";
			sourceTree = "<group>";
		};
/* End PBXGroup section */

/* Begin PBXNativeTarget section */
		25D0D4501D26F9700060845A /* iOS10Explore */ = {
			isa = PBXNativeTarget;
			buildConfigurationList = 25D0D4791D26F9700060845A /* Build configuration list for PBXNativeTarget "iOS10Explore" */;
			buildPhases = (
				25D0D44D1D26F9700060845A /* Sources */,
				25D0D44E1D26F9700060845A /* Frameworks */,
				25D0D44F1D26F9700060845A /* Resources */,
			);
			buildRules = (
			);
			dependencies = (
			);
			name = iOS10Explore;
			productName = iOS10Explore;
			productReference = 25D0D4511D26F9700060845A /* iOS10Explore.app */;
			productType = "com.apple.product-type.application";
		};
		25D0D4641D26F9700060845A /* iOS10ExploreTests */ = {
			isa = PBXNativeTarget;
			buildConfigurationList = 25D0D47C1D26F9700060845A /* Build configuration list for PBXNativeTarget "iOS10ExploreTests" */;
			buildPhases = (
				25D0D4611D26F9700060845A /* Sources */,
				25D0D4621D26F9700060845A /* Frameworks */,
				25D0D4631D26F9700060845A /* Resources */,
			);
			buildRules = (
			);
			dependencies = (
				25D0D4671D26F9700060845A /* PBXTargetDependency */,
			);
			name = iOS10ExploreTests;
			productName = iOS10ExploreTests;
			productReference = 25D0D4651D26F9700060845A /* iOS10ExploreTests.xctest */;
			productType = "com.apple.product-type.bundle.unit-test";
		};
		25D0D46F1D26F9700060845A /* iOS10ExploreUITests */ = {
			isa = PBXNativeTarget;
			buildConfigurationList = 25D0D47F1D26F9700060845A /* Build configuration list for PBXNativeTarget "iOS10ExploreUITests" */;
			buildPhases = (
				25D0D46C1D26F9700060845A /* Sources */,
				25D0D46D1D26F9700060845A /* Frameworks */,
				25D0D46E1D26F9700060845A /* Resources */,
			);
			buildRules = (
			);
			dependencies = (
				25D0D4721D26F9700060845A /* PBXTargetDependency */,
			);
			name = iOS10ExploreUITests;
			productName = iOS10ExploreUITests;
			productReference = 25D0D4701D26F9700060845A /* iOS10ExploreUITests.xctest */;
			productType = "com.apple.product-type.bundle.ui-testing";
		};
/* End PBXNativeTarget section */

/* Begin PBXProject section */
		25D0D4491D26F9700060845A /* Project object */ = {
			isa = PBXProject;
			attributes = {
				LastSwiftUpdateCheck = 0730;
				LastUpgradeCheck = 0730;
				ORGANIZATIONNAME = Verizon;
				TargetAttributes = {
					25D0D4501D26F9700060845A = {
						CreatedOnToolsVersion = 7.3.1;
						DevelopmentTeam = 5P7K8EQMRR;
						LastSwiftMigration = 0800;
					};
					25D0D4641D26F9700060845A = {
						CreatedOnToolsVersion = 7.3.1;
						DevelopmentTeam = 5P7K8EQMRR;
						LastSwiftMigration = 0800;
						TestTargetID = 25D0D4501D26F9700060845A;
					};
					25D0D46F1D26F9700060845A = {
						CreatedOnToolsVersion = 7.3.1;
						DevelopmentTeam = 5P7K8EQMRR;
						LastSwiftMigration = 0800;
						TestTargetID = 25D0D4501D26F9700060845A;
					};
				};
			};
			buildConfigurationList = 25D0D44C1D26F9700060845A /* Build configuration list for PBXProject "iOS10Explore" */;
			compatibilityVersion = "Xcode 3.2";
			developmentRegion = English;
			hasScannedForEncodings = 0;
			knownRegions = (
				en,
				Base,
			);
			mainGroup = 25D0D4481D26F9700060845A;
			productRefGroup = 25D0D4521D26F9700060845A /* Products */;
			projectDirPath = "";
			projectRoot = "";
			targets = (
				25D0D4501D26F9700060845A /* iOS10Explore */,
				25D0D4641D26F9700060845A /* iOS10ExploreTests */,
				25D0D46F1D26F9700060845A /* iOS10ExploreUITests */,
			);
		};
/* End PBXProject section */

/* Begin PBXResourcesBuildPhase section */
		25D0D44F1D26F9700060845A /* Resources */ = {
			isa = PBXResourcesBuildPhase;
			buildActionMask = 2147483647;
			files = (
				25D0D45F1D26F9700060845A /* LaunchScreen.storyboard in Resources */,
				25D0D45C1D26F9700060845A /* Assets.xcassets in Resources */,
				25D0D45A1D26F9700060845A /* Main.storyboard in Resources */,
				25B60C9C1D2ECB4400769CBD /* cairnomount_lo.mp3 in Resources */,
				25B60C9A1D2EBF2B00769CBD /* No_One_Is_Perfect_Theme-VmusiQ.mp3 in Resources */,
				2563E6CB1D2EB2620022C4EB /* Jennifer.mp3 in Resources */,
			);
			runOnlyForDeploymentPostprocessing = 0;
		};
		25D0D4631D26F9700060845A /* Resources */ = {
			isa = PBXResourcesBuildPhase;
			buildActionMask = 2147483647;
			files = (
			);
			runOnlyForDeploymentPostprocessing = 0;
		};
		25D0D46E1D26F9700060845A /* Resources */ = {
			isa = PBXResourcesBuildPhase;
			buildActionMask = 2147483647;
			files = (
			);
			runOnlyForDeploymentPostprocessing = 0;
		};
/* End PBXResourcesBuildPhase section */

/* Begin PBXSourcesBuildPhase section */
		25D0D44D1D26F9700060845A /* Sources */ = {
			isa = PBXSourcesBuildPhase;
			buildActionMask = 2147483647;
			files = (
				25D0D4881D26FEA00060845A /* SpeechRecognitionVC.swift in Sources */,
				25D0D4571D26F9700060845A /* ViewController.swift in Sources */,
				25D0D4551D26F9700060845A /* AppDelegate.swift in Sources */,
			);
			runOnlyForDeploymentPostprocessing = 0;
		};
		25D0D4611D26F9700060845A /* Sources */ = {
			isa = PBXSourcesBuildPhase;
			buildActionMask = 2147483647;
			files = (
				25D0D46A1D26F9700060845A /* iOS10ExploreTests.swift in Sources */,
			);
			runOnlyForDeploymentPostprocessing = 0;
		};
		25D0D46C1D26F9700060845A /* Sources */ = {
			isa = PBXSourcesBuildPhase;
			buildActionMask = 2147483647;
			files = (
				25D0D4751D26F9700060845A /* iOS10ExploreUITests.swift in Sources */,
			);
			runOnlyForDeploymentPostprocessing = 0;
		};
/* End PBXSourcesBuildPhase section */

/* Begin PBXTargetDependency section */
		25D0D4671D26F9700060845A /* PBXTargetDependency */ = {
			isa = PBXTargetDependency;
			target = 25D0D4501D26F9700060845A /* iOS10Explore */;
			targetProxy = 25D0D4661D26F9700060845A /* PBXContainerItemProxy */;
		};
		25D0D4721D26F9700060845A /* PBXTargetDependency */ = {
			isa = PBXTargetDependency;
			target = 25D0D4501D26F9700060845A /* iOS10Explore */;
			targetProxy = 25D0D4711D26F9700060845A /* PBXContainerItemProxy */;
		};
/* End PBXTargetDependency section */

/* Begin PBXVariantGroup section */
		25D0D4581D26F9700060845A /* Main.storyboard */ = {
			isa = PBXVariantGroup;
			children = (
				25D0D4591D26F9700060845A /* Base */,
			);
			name = Main.storyboard;
			sourceTree = "<group>";
		};
		25D0D45D1D26F9700060845A /* LaunchScreen.storyboard */ = {
			isa = PBXVariantGroup;
			children = (
				25D0D45E1D26F9700060845A /* Base */,
			);
			name = LaunchScreen.storyboard;
			sourceTree = "<group>";
		};
/* End PBXVariantGroup section */

/* Begin XCBuildConfiguration section */
		25D0D4771D26F9700060845A /* Debug */ = {
			isa = XCBuildConfiguration;
			buildSettings = {
				ALWAYS_SEARCH_USER_PATHS = NO;
				CLANG_ANALYZER_NONNULL = YES;
				CLANG_CXX_LANGUAGE_STANDARD = "gnu++0x";
				CLANG_CXX_LIBRARY = "libc++";
				CLANG_ENABLE_MODULES = YES;
				CLANG_ENABLE_OBJC_ARC = YES;
				CLANG_WARN_BOOL_CONVERSION = YES;
				CLANG_WARN_CONSTANT_CONVERSION = YES;
				CLANG_WARN_DIRECT_OBJC_ISA_USAGE = YES_ERROR;
				CLANG_WARN_EMPTY_BODY = YES;
				CLANG_WARN_ENUM_CONVERSION = YES;
				CLANG_WARN_INT_CONVERSION = YES;
				CLANG_WARN_OBJC_ROOT_CLASS = YES_ERROR;
				CLANG_WARN_UNREACHABLE_CODE = YES;
				CLANG_WARN__DUPLICATE_METHOD_MATCH = YES;
				"CODE_SIGN_IDENTITY[sdk=iphoneos*]" = "iPhone Developer";
				COPY_PHASE_STRIP = NO;
				DEBUG_INFORMATION_FORMAT = dwarf;
				ENABLE_STRICT_OBJC_MSGSEND = YES;
				ENABLE_TESTABILITY = YES;
				GCC_C_LANGUAGE_STANDARD = gnu99;
				GCC_DYNAMIC_NO_PIC = NO;
				GCC_NO_COMMON_BLOCKS = YES;
				GCC_OPTIMIZATION_LEVEL = 0;
				GCC_PREPROCESSOR_DEFINITIONS = (
					"DEBUG=1",
					"$(inherited)",
				);
				GCC_WARN_64_TO_32_BIT_CONVERSION = YES;
				GCC_WARN_ABOUT_RETURN_TYPE = YES_ERROR;
				GCC_WARN_UNDECLARED_SELECTOR = YES;
				GCC_WARN_UNINITIALIZED_AUTOS = YES_AGGRESSIVE;
				GCC_WARN_UNUSED_FUNCTION = YES;
				GCC_WARN_UNUSED_VARIABLE = YES;
				IPHONEOS_DEPLOYMENT_TARGET = 9.3;
				MTL_ENABLE_DEBUG_INFO = YES;
				ONLY_ACTIVE_ARCH = YES;
				SDKROOT = iphoneos;
				SWIFT_OPTIMIZATION_LEVEL = "-Onone";
				TARGETED_DEVICE_FAMILY = "1,2";
			};
			name = Debug;
		};
		25D0D4781D26F9700060845A /* Release */ = {
			isa = XCBuildConfiguration;
			buildSettings = {
				ALWAYS_SEARCH_USER_PATHS = NO;
				CLANG_ANALYZER_NONNULL = YES;
				CLANG_CXX_LANGUAGE_STANDARD = "gnu++0x";
				CLANG_CXX_LIBRARY = "libc++";
				CLANG_ENABLE_MODULES = YES;
				CLANG_ENABLE_OBJC_ARC = YES;
				CLANG_WARN_BOOL_CONVERSION = YES;
				CLANG_WARN_CONSTANT_CONVERSION = YES;
				CLANG_WARN_DIRECT_OBJC_ISA_USAGE = YES_ERROR;
				CLANG_WARN_EMPTY_BODY = YES;
				CLANG_WARN_ENUM_CONVERSION = YES;
				CLANG_WARN_INT_CONVERSION = YES;
				CLANG_WARN_OBJC_ROOT_CLASS = YES_ERROR;
				CLANG_WARN_UNREACHABLE_CODE = YES;
				CLANG_WARN__DUPLICATE_METHOD_MATCH = YES;
				"CODE_SIGN_IDENTITY[sdk=iphoneos*]" = "iPhone Developer";
				COPY_PHASE_STRIP = NO;
				DEBUG_INFORMATION_FORMAT = "dwarf-with-dsym";
				ENABLE_NS_ASSERTIONS = NO;
				ENABLE_STRICT_OBJC_MSGSEND = YES;
				GCC_C_LANGUAGE_STANDARD = gnu99;
				GCC_NO_COMMON_BLOCKS = YES;
				GCC_WARN_64_TO_32_BIT_CONVERSION = YES;
				GCC_WARN_ABOUT_RETURN_TYPE = YES_ERROR;
				GCC_WARN_UNDECLARED_SELECTOR = YES;
				GCC_WARN_UNINITIALIZED_AUTOS = YES_AGGRESSIVE;
				GCC_WARN_UNUSED_FUNCTION = YES;
				GCC_WARN_UNUSED_VARIABLE = YES;
				IPHONEOS_DEPLOYMENT_TARGET = 9.3;
				MTL_ENABLE_DEBUG_INFO = NO;
				SDKROOT = iphoneos;
				TARGETED_DEVICE_FAMILY = "1,2";
				VALIDATE_PRODUCT = YES;
			};
			name = Release;
		};
		25D0D47A1D26F9700060845A /* Debug */ = {
			isa = XCBuildConfiguration;
			buildSettings = {
				ASSETCATALOG_COMPILER_APPICON_NAME = AppIcon;
				INFOPLIST_FILE = iOS10Explore/Info.plist;
				LD_RUNPATH_SEARCH_PATHS = "$(inherited) @executable_path/Frameworks";
				PRODUCT_BUNDLE_IDENTIFIER = com.storybuilder.authentication.iOS10Explore;
				PRODUCT_NAME = "$(TARGET_NAME)";
				SWIFT_VERSION = 3.0;
			};
			name = Debug;
		};
		25D0D47B1D26F9700060845A /* Release */ = {
			isa = XCBuildConfiguration;
			buildSettings = {
				ASSETCATALOG_COMPILER_APPICON_NAME = AppIcon;
				INFOPLIST_FILE = iOS10Explore/Info.plist;
				LD_RUNPATH_SEARCH_PATHS = "$(inherited) @executable_path/Frameworks";
				PRODUCT_BUNDLE_IDENTIFIER = com.storybuilder.authentication.iOS10Explore;
				PRODUCT_NAME = "$(TARGET_NAME)";
				SWIFT_VERSION = 3.0;
			};
			name = Release;
		};
		25D0D47D1D26F9700060845A /* Debug */ = {
			isa = XCBuildConfiguration;
			buildSettings = {
				BUNDLE_LOADER = "$(TEST_HOST)";
				INFOPLIST_FILE = iOS10ExploreTests/Info.plist;
				LD_RUNPATH_SEARCH_PATHS = "$(inherited) @executable_path/Frameworks @loader_path/Frameworks";
				PRODUCT_BUNDLE_IDENTIFIER = com.storybuilder.authentication.iOS10ExploreTests;
				PRODUCT_NAME = "$(TARGET_NAME)";
				SWIFT_VERSION = 3.0;
				TEST_HOST = "$(BUILT_PRODUCTS_DIR)/iOS10Explore.app/iOS10Explore";
			};
			name = Debug;
		};
		25D0D47E1D26F9700060845A /* Release */ = {
			isa = XCBuildConfiguration;
			buildSettings = {
				BUNDLE_LOADER = "$(TEST_HOST)";
				INFOPLIST_FILE = iOS10ExploreTests/Info.plist;
				LD_RUNPATH_SEARCH_PATHS = "$(inherited) @executable_path/Frameworks @loader_path/Frameworks";
				PRODUCT_BUNDLE_IDENTIFIER = com.storybuilder.authentication.iOS10ExploreTests;
				PRODUCT_NAME = "$(TARGET_NAME)";
				SWIFT_VERSION = 3.0;
				TEST_HOST = "$(BUILT_PRODUCTS_DIR)/iOS10Explore.app/iOS10Explore";
			};
			name = Release;
		};
		25D0D4801D26F9700060845A /* Debug */ = {
			isa = XCBuildConfiguration;
			buildSettings = {
				INFOPLIST_FILE = iOS10ExploreUITests/Info.plist;
				LD_RUNPATH_SEARCH_PATHS = "$(inherited) @executable_path/Frameworks @loader_path/Frameworks";
				PRODUCT_BUNDLE_IDENTIFIER = com.storybuilder.authentication.iOS10ExploreUITests;
				PRODUCT_NAME = "$(TARGET_NAME)";
				SWIFT_VERSION = 3.0;
				TEST_TARGET_NAME = iOS10Explore;
			};
			name = Debug;
		};
		25D0D4811D26F9700060845A /* Release */ = {
			isa = XCBuildConfiguration;
			buildSettings = {
				INFOPLIST_FILE = iOS10ExploreUITests/Info.plist;
				LD_RUNPATH_SEARCH_PATHS = "$(inherited) @executable_path/Frameworks @loader_path/Frameworks";
				PRODUCT_BUNDLE_IDENTIFIER = com.storybuilder.authentication.iOS10ExploreUITests;
				PRODUCT_NAME = "$(TARGET_NAME)";
				SWIFT_VERSION = 3.0;
				TEST_TARGET_NAME = iOS10Explore;
			};
			name = Release;
		};
/* End XCBuildConfiguration section */

/* Begin XCConfigurationList section */
		25D0D44C1D26F9700060845A /* Build configuration list for PBXProject "iOS10Explore" */ = {
			isa = XCConfigurationList;
			buildConfigurations = (
				25D0D4771D26F9700060845A /* Debug */,
				25D0D4781D26F9700060845A /* Release */,
			);
			defaultConfigurationIsVisible = 0;
			defaultConfigurationName = Release;
		};
		25D0D4791D26F9700060845A /* Build configuration list for PBXNativeTarget "iOS10Explore" */ = {
			isa = XCConfigurationList;
			buildConfigurations = (
				25D0D47A1D26F9700060845A /* Debug */,
				25D0D47B1D26F9700060845A /* Release */,
			);
			defaultConfigurationIsVisible = 0;
			defaultConfigurationName = Release;
		};
		25D0D47C1D26F9700060845A /* Build configuration list for PBXNativeTarget "iOS10ExploreTests" */ = {
			isa = XCConfigurationList;
			buildConfigurations = (
				25D0D47D1D26F9700060845A /* Debug */,
				25D0D47E1D26F9700060845A /* Release */,
			);
			defaultConfigurationIsVisible = 0;
			defaultConfigurationName = Release;
		};
		25D0D47F1D26F9700060845A /* Build configuration list for PBXNativeTarget "iOS10ExploreUITests" */ = {
			isa = XCConfigurationList;
			buildConfigurations = (
				25D0D4801D26F9700060845A /* Debug */,
				25D0D4811D26F9700060845A /* Release */,
			);
			defaultConfigurationIsVisible = 0;
			defaultConfigurationName = Release;
		};
/* End XCConfigurationList section */
	};
	rootObject = 25D0D4491D26F9700060845A /* Project object */;
}
